# platform: osx-64
# env_hash: 6d342b011a4fda03693ff1a7b9916efafd7c1694d1ac9937e0df7c5463b0731b
@EXPLICIT
https://repo.anaconda.com/pkgs/main/osx-64/ca-certificates-2020.7.22-0.conda#cbfdee964f0219398a45f7db3cab8ba4
https://repo.anaconda.com/pkgs/main/osx-64/libcxx-10.0.0-1.conda#86574bfd5bcf4921237da41c07534cdc
https://repo.anaconda.com/pkgs/main/osx-64/xz-5.2.5-h1de35cc_0.conda#f38610dab0f2b0cb05f1b31f354113c5
https://repo.anaconda.com/pkgs/main/osx-64/yaml-0.2.5-haf1e3a3_0.conda#73628ed86f99adf6a0cb81dd20e426cd
https://repo.anaconda.com/pkgs/main/osx-64/zlib-1.2.11-h1de35cc_3.conda#67bb31afee816662edebfc3171360ccf
https://repo.anaconda.com/pkgs/main/osx-64/libffi-3.3-hb1e8313_2.conda#0c959d444ac65555cb836cdbd3e9a2d9
https://repo.anaconda.com/pkgs/main/osx-64/ncurses-6.2-h0a44026_1.conda#649f497ed2ff2704749256d3532d144b
https://repo.anaconda.com/pkgs/main/osx-64/openssl-1.1.1h-haf1e3a3_0.conda#11e9d4c26290fb82d80b8b2e50a45a01
https://repo.anaconda.com/pkgs/main/osx-64/tk-8.6.10-hb0a8c7a_0.conda#2f199f5862f5b000479408673eadb88d
https://repo.anaconda.com/pkgs/main/osx-64/libedit-3.1.20191231-h1de35cc_1.conda#519fc1975133f55966817654971fee27
https://repo.anaconda.com/pkgs/main/osx-64/readline-8.0-h1de35cc_0.conda#4c28b53071daa5c7c602b2ddb6e66212
https://repo.anaconda.com/pkgs/main/osx-64/sqlite-3.33.0-hffcf06c_0.conda#c1c74e72f33b4d1f3f9800e721e83019
https://repo.anaconda.com/pkgs/main/osx-64/python-3.8.5-h26836e1_1.conda#6964e264d7137efd279a3ee552ec31ff
https://repo.anaconda.com/pkgs/main/noarch/appdirs-1.4.4-py_0.conda#483878b172607008f5f8e3bfded615bc
https://repo.anaconda.com/pkgs/main/noarch/attrs-20.2.0-py_0.conda#c6d3c37f35da39570348537d6abfcf94
https://repo.anaconda.com/pkgs/main/osx-64/certifi-2020.6.20-py38_0.conda#eecb4a4499388de5163d3385453b868a
https://repo.anaconda.com/pkgs/main/osx-64/chardet-3.0.4-py38_1003.conda#ac34e0738a6543302ad1c87370170619
https://repo.anaconda.com/pkgs/main/noarch/click-7.1.2-py_0.conda#122e0ead7703cf4f04a36b34e2d1f9a2
https://repo.anaconda.com/pkgs/main/noarch/idna-2.10-py_0.conda#72085bc43b003e02a3ff9356bc428f25
https://repo.anaconda.com/pkgs/main/osx-64/ipython_genutils-0.2.0-py38_0.conda#f334543cee884412fee268387106d902
https://repo.anaconda.com/pkgs/main/osx-64/mypy_extensions-0.4.3-py38_0.conda#526e1a5ecfbad68ed08052aab97df614
https://repo.anaconda.com/pkgs/main/noarch/pathspec-0.7.0-py_0.conda#948c37b334786989007133a6e07800bc
https://repo.anaconda.com/pkgs/main/noarch/pycparser-2.20-py_2.conda#fcfeb621c6f895f3562ff01d9d6ce959
https://repo.anaconda.com/pkgs/main/osx-64/pyrsistent-0.17.3-py38haf1e3a3_0.conda#d5def3a6d536f37e7f61b8a5ee82d5d6
https://repo.anaconda.com/pkgs/main/osx-64/pysocks-1.7.1-py38_1.conda#54d4dfc99989f03cefe7d922a741f3cf
https://repo.anaconda.com/pkgs/main/noarch/pytz-2020.1-py_0.conda#01cec12ecd4a6e162d4ed2349929e81b
https://repo.anaconda.com/pkgs/main/osx-64/pyyaml-5.3.1-py38haf1e3a3_1.conda#b297484f559874837317cd4e74dffc13
https://repo.anaconda.com/pkgs/main/osx-64/regex-2020.7.14-py38haf1e3a3_0.conda#af8b817adad64624cb709e7cd8871de9
https://repo.anaconda.com/pkgs/main/noarch/six-1.15.0-py_0.conda#54c2e03874b7bba2404be8ee23148927
https://repo.anaconda.com/pkgs/main/noarch/toml-0.10.1-py_0.conda#1b644e2153dff00c27514b97d74fbd30
https://repo.anaconda.com/pkgs/main/osx-64/typed-ast-1.4.1-py38h1de35cc_0.conda#7a3548acd524ada7569e43f59fe63276
https://repo.anaconda.com/pkgs/main/noarch/typing_extensions-3.7.4.3-py_0.conda#c26af7e476ebc6e70a6005c4492eb18d
https://repo.anaconda.com/pkgs/main/noarch/zipp-3.1.0-py_0.conda#1f4b6d7b01b2e3a8c480454af14c7da8
https://repo.anaconda.com/pkgs/main/noarch/black-19.10b0-py_0.conda#dda9c1964ca705ed9dc055eb3a3d813a
https://repo.anaconda.com/pkgs/main/osx-64/cffi-1.14.3-py38hed5b41f_0.conda#453940d66e2d59a00410a861804dea3e
https://repo.anaconda.com/pkgs/main/osx-64/importlib-metadata-1.7.0-py38_0.conda#8fc0ed97b3f55a03b402b9addc0b886f
https://repo.anaconda.com/pkgs/main/noarch/python-dateutil-2.8.1-py_0.conda#062ee583dae450d908d45d6c08beae97
https://repo.anaconda.com/pkgs/main/osx-64/setuptools-50.3.0-py38h0dc7051_1.conda#36a46ece60e4a55cf365cb106ee5f277
https://repo.anaconda.com/pkgs/main/noarch/traitlets-5.0.4-py_0.conda#0f1586ecd2c4979718b365d45e6f1ad8
https://repo.anaconda.com/pkgs/main/osx-64/brotlipy-0.7.0-py38haf1e3a3_1000.conda#180ab13ea522790b4ecaa3f7be13538b
https://repo.anaconda.com/pkgs/main/osx-64/clyent-1.2.2-py38_1.conda#75b74188300cdc797167d788ebe9479d
https://repo.anaconda.com/pkgs/main/osx-64/cryptography-3.1.1-py38hddc9c9b_0.conda#6da9988f4ce12b7fa867d6cdc407510f
https://repo.anaconda.com/pkgs/main/noarch/importlib_metadata-1.7.0-0.conda#23f2c6fd9b40edc06aea0623a122fe1e
https://repo.anaconda.com/pkgs/main/osx-64/jupyter_core-4.6.3-py38_0.conda#8bf685dddea587762ed663dcc33ecd73
https://repo.anaconda.com/pkgs/main/osx-64/jsonschema-3.2.0-py38_1.conda#e3acf6150148e7c2cda674553d9e6f7a
https://repo.anaconda.com/pkgs/main/osx-64/pyopenssl-19.1.0-py38_0.conda#3ddfbfdaab430e1d04498cb44861678a
https://repo.anaconda.com/pkgs/main/noarch/nbformat-5.0.7-py_0.conda#a79a6b8519be83d6fcc541b73d6b9135
https://repo.anaconda.com/pkgs/main/noarch/urllib3-1.25.10-py_0.conda#cd34894b40e348faeac50f72994c6f6b
https://repo.anaconda.com/pkgs/main/noarch/requests-2.24.0-py_0.conda#7e39484a07f30dd32a52bed7306bff02
https://repo.anaconda.com/pkgs/main/osx-64/anaconda-client-1.7.2-py38_0.conda#b3b287754007d2fc3f2713f2324de6d5
