# platform: win-64
# env_hash: b4b3cf25651042be0912a8c1a2faa60032b35606030cddd8e4fd7f404a7cbefb
@EXPLICIT
https://repo.anaconda.com/pkgs/main/win-64/ca-certificates-2020.7.22-0.conda#c778bf111cac270459fe9ba944ad3392
https://repo.anaconda.com/pkgs/main/win-64/vs2015_runtime-14.16.27012-hf0eaf9b_3.conda#a98ea1e3abfdbbd201d60ff6b43ea7e4
https://repo.anaconda.com/pkgs/main/win-64/vc-14.1-h0510ff6_4.conda#dc9507a39ab328597820486c729cd279
https://repo.anaconda.com/pkgs/main/win-64/openssl-1.1.1h-he774522_0.conda#d2bd240460b19d078b08f1a28bee6fb3
https://repo.anaconda.com/pkgs/main/win-64/yaml-0.2.5-he774522_0.conda#959a63017c520ef9d345bd82ab344e3e
https://repo.anaconda.com/pkgs/main/win-64/zlib-1.2.11-h62dcd97_4.conda#0f377236eb18c0c2bb486c9c07c7a0c3
https://repo.anaconda.com/pkgs/main/win-64/sqlite-3.33.0-h2a8f88b_0.conda#52b3ca3ee463c2b1ad461b3e65cfca7c
https://repo.anaconda.com/pkgs/main/win-64/python-3.8.5-h5fd99cc_1.conda#26f6022d49439b17a80291c82c855b62
https://repo.anaconda.com/pkgs/main/noarch/appdirs-1.4.4-py_0.conda#483878b172607008f5f8e3bfded615bc
https://repo.anaconda.com/pkgs/main/noarch/attrs-20.2.0-py_0.conda#c6d3c37f35da39570348537d6abfcf94
https://repo.anaconda.com/pkgs/main/win-64/certifi-2020.6.20-py38_0.conda#df42079c65857b1b9fa7e7cfb4d28c53
https://repo.anaconda.com/pkgs/main/win-64/chardet-3.0.4-py38_1003.conda#22c23ae7a9924f12339e7a90c648ce29
https://repo.anaconda.com/pkgs/main/noarch/click-7.1.2-py_0.conda#122e0ead7703cf4f04a36b34e2d1f9a2
https://repo.anaconda.com/pkgs/main/noarch/idna-2.10-py_0.conda#72085bc43b003e02a3ff9356bc428f25
https://repo.anaconda.com/pkgs/main/win-64/ipython_genutils-0.2.0-py38_0.conda#a8850f1a84629b21c7b5b1980b37e884
https://repo.anaconda.com/pkgs/main/win-64/mypy_extensions-0.4.3-py38_0.conda#abb0d374fd4582e0279eb40e92624b2c
https://repo.anaconda.com/pkgs/main/noarch/pathspec-0.7.0-py_0.conda#948c37b334786989007133a6e07800bc
https://repo.anaconda.com/pkgs/main/noarch/pycparser-2.20-py_2.conda#fcfeb621c6f895f3562ff01d9d6ce959
https://repo.anaconda.com/pkgs/main/win-64/pyrsistent-0.17.3-py38he774522_0.conda#d9f7259efda349292aa4821fc9f2b8cb
https://repo.anaconda.com/pkgs/main/noarch/pytz-2020.1-py_0.conda#01cec12ecd4a6e162d4ed2349929e81b
https://repo.anaconda.com/pkgs/main/win-64/pywin32-227-py38he774522_1.conda#29057ea8a3892be415903f9f14515157
https://repo.anaconda.com/pkgs/main/win-64/pyyaml-5.3.1-py38he774522_1.conda#1423793a745ca282c775ac463bba5bf9
https://repo.anaconda.com/pkgs/main/win-64/regex-2020.7.14-py38he774522_0.conda#aee9b08dd5298d8b65485dbf13c7a55b
https://repo.anaconda.com/pkgs/main/noarch/six-1.15.0-py_0.conda#54c2e03874b7bba2404be8ee23148927
https://repo.anaconda.com/pkgs/main/noarch/toml-0.10.1-py_0.conda#1b644e2153dff00c27514b97d74fbd30
https://repo.anaconda.com/pkgs/main/win-64/typed-ast-1.4.1-py38he774522_0.conda#b4b70316cf1075c2a1fb263f97b3efe5
https://repo.anaconda.com/pkgs/main/noarch/typing_extensions-3.7.4.3-py_0.conda#c26af7e476ebc6e70a6005c4492eb18d
https://repo.anaconda.com/pkgs/main/win-64/win_inet_pton-1.1.0-py38_0.conda#87eb2440ee96bb1353e20d435ac45a20
https://repo.anaconda.com/pkgs/main/win-64/wincertstore-0.2-py38_0.conda#b4dd4690d318c0532f3d198486a54a2f
https://repo.anaconda.com/pkgs/main/noarch/zipp-3.1.0-py_0.conda#1f4b6d7b01b2e3a8c480454af14c7da8
https://repo.anaconda.com/pkgs/main/noarch/black-19.10b0-py_0.conda#dda9c1964ca705ed9dc055eb3a3d813a
https://repo.anaconda.com/pkgs/main/win-64/cffi-1.14.3-py38h7a1dbc1_0.conda#4914516917e327bba3c62aa3b88cde94
https://repo.anaconda.com/pkgs/main/win-64/importlib-metadata-1.7.0-py38_0.conda#cd4e6afce40e77f5aa3277cae62db5c4
https://repo.anaconda.com/pkgs/main/win-64/pysocks-1.7.1-py38_0.conda#9b0b1b854618468dbbb143b76a2c8335
https://repo.anaconda.com/pkgs/main/noarch/python-dateutil-2.8.1-py_0.conda#062ee583dae450d908d45d6c08beae97
https://repo.anaconda.com/pkgs/main/win-64/setuptools-50.3.0-py38h9490d1a_1.conda#cc9b8b7225c3d175d432d742720ddf50
https://repo.anaconda.com/pkgs/main/noarch/traitlets-5.0.4-py_0.conda#0f1586ecd2c4979718b365d45e6f1ad8
https://repo.anaconda.com/pkgs/main/win-64/brotlipy-0.7.0-py38he774522_1000.conda#3de073148f0b2821d1f0de9d03cfb589
https://repo.anaconda.com/pkgs/main/win-64/clyent-1.2.2-py38_1.conda#3ca293e0e3c806dd84afbff6b6cacec2
https://repo.anaconda.com/pkgs/main/win-64/cryptography-3.1.1-py38h7a1dbc1_0.conda#780eb8016bdc24ec20dc6caf10c3a6a9
https://repo.anaconda.com/pkgs/main/noarch/importlib_metadata-1.7.0-0.conda#23f2c6fd9b40edc06aea0623a122fe1e
https://repo.anaconda.com/pkgs/main/win-64/jupyter_core-4.6.3-py38_0.conda#8308a00933d8ee292104f14c3c6e953c
https://repo.anaconda.com/pkgs/main/win-64/jsonschema-3.2.0-py38_1.conda#600c54aefafe4d8a3aeb0855e016ba24
https://repo.anaconda.com/pkgs/main/win-64/pyopenssl-19.1.0-py38_0.conda#349624aa684ee5677580c9cd97c80140
https://repo.anaconda.com/pkgs/main/noarch/nbformat-5.0.7-py_0.conda#a79a6b8519be83d6fcc541b73d6b9135
https://repo.anaconda.com/pkgs/main/noarch/urllib3-1.25.10-py_0.conda#cd34894b40e348faeac50f72994c6f6b
https://repo.anaconda.com/pkgs/main/noarch/requests-2.24.0-py_0.conda#7e39484a07f30dd32a52bed7306bff02
https://repo.anaconda.com/pkgs/main/win-64/anaconda-client-1.7.2-py38_0.conda#d3ce7537b55300f9ef9bffcbbcb1eae2
