# platform: osx-64
# env_hash: 5643b7e0cb53cb584d8413860feac92d3eacb768eb85bf2129cc8b099b3e5af4
@EXPLICIT
https://conda.anaconda.org/conda-forge/osx-64/ca-certificates-2020.6.20-hecda079_0.tar.bz2#7933a42d363f3e88f239384ff68252db
https://conda.anaconda.org/conda-forge/osx-64/libcxx-10.0.1-h5f48129_0.tar.bz2#abc0f77f31d9e69bdcf2c550058da337
https://conda.anaconda.org/conda-forge/osx-64/xz-5.2.5-haf1e3a3_1.tar.bz2#41116deb499e9bc58048c297d6403ce6
https://conda.anaconda.org/conda-forge/osx-64/yaml-0.2.5-haf1e3a3_0.tar.bz2#84c2fc186995c25a43e86ed708065572
https://conda.anaconda.org/conda-forge/osx-64/zlib-1.2.11-h7795811_1009.tar.bz2#958b4b681fcae3094383cf69c26e8936
https://conda.anaconda.org/conda-forge/osx-64/libffi-3.2.1-hb1e8313_1007.tar.bz2#be8b6ba3b6710a89ab891bbed151659c
https://conda.anaconda.org/conda-forge/osx-64/ncurses-6.2-hb1e8313_1.tar.bz2#711f66ee1fd8585c28a47910ddbeaa4a
https://conda.anaconda.org/conda-forge/osx-64/openssl-1.1.1h-haf1e3a3_0.tar.bz2#6be73e185e6a92a29571dd9a2dfb5251
https://conda.anaconda.org/conda-forge/osx-64/tk-8.6.10-hbbe82c9_0.tar.bz2#8e94f0c9d24201d33a7fb6868d821a1b
https://conda.anaconda.org/conda-forge/osx-64/readline-8.0-h0678c8f_2.tar.bz2#8f69d684fce8e73328995d7efb77816a
https://conda.anaconda.org/conda-forge/osx-64/sqlite-3.33.0-h960bd1c_0.tar.bz2#2258e92373f9991a586fc416ae459f17
https://conda.anaconda.org/conda-forge/osx-64/python-3.8.5-h0ed32c4_9_cpython.tar.bz2#94fa65824345bf28313ab8348e34e886
https://conda.anaconda.org/conda-forge/noarch/appdirs-1.4.3-py_1.tar.bz2#79ea201c0ff86b098d3e3e3fa45505cd
https://conda.anaconda.org/conda-forge/noarch/click-7.1.2-pyh9f0ad1d_0.tar.bz2#bd50a970ce07e660c319fdc4d730d3f1
https://conda.anaconda.org/conda-forge/noarch/filelock-3.0.12-pyh9f0ad1d_0.tar.bz2#7544ed05bbbe9bb687bc9bcbe4d6cb46
https://conda.anaconda.org/conda-forge/noarch/idna-2.10-pyh9f0ad1d_0.tar.bz2#f95a12b4f435aae6680fe55ae2eb1b06
https://conda.anaconda.org/conda-forge/noarch/pycparser-2.20-pyh9f0ad1d_2.tar.bz2#aa798d50ffd182a0f6f31478c7f434f6
https://conda.anaconda.org/conda-forge/osx-64/python_abi-3.8-1_cp38.tar.bz2#5fe7757fd743e1c2d14d6170d4f53365
https://conda.anaconda.org/conda-forge/noarch/six-1.15.0-pyh9f0ad1d_0.tar.bz2#1eec421f0f1f39e579e44e4a5ce646a2
https://conda.anaconda.org/conda-forge/noarch/toml-0.10.1-pyh9f0ad1d_0.tar.bz2#ca47d0ef822fd23b7ec9771a36645e5e
https://conda.anaconda.org/conda-forge/osx-64/certifi-2020.6.20-py38h32f6830_0.tar.bz2#fab1139b40e8dd7fea9dbbb8dbe49f96
https://conda.anaconda.org/conda-forge/osx-64/cffi-1.14.3-py38hc4dd44e_0.tar.bz2#6d0c626ea7132e0f210697a9165032ae
https://conda.anaconda.org/conda-forge/osx-64/chardet-3.0.4-py38h32f6830_1007.tar.bz2#d26014bf9243b9e21bb85468d9ed7eab
https://conda.anaconda.org/conda-forge/osx-64/markupsafe-1.1.1-py38h64e0658_1.tar.bz2#e43c58547710c465a5b138bb7cf74495
https://conda.anaconda.org/conda-forge/osx-64/pysocks-1.7.1-py38h32f6830_1.tar.bz2#ff35ce1da678177b45ba3159dcdb6766
https://conda.anaconda.org/conda-forge/osx-64/pyyaml-5.3.1-py38h64e0658_0.tar.bz2#f0b40d9ec93df2e460f5371c0854c6c3
https://conda.anaconda.org/conda-forge/osx-64/brotlipy-0.7.0-py38h64e0658_1000.tar.bz2#df72303cfd0f559309e3d4e5a45d0ec1
https://conda.anaconda.org/conda-forge/osx-64/cryptography-3.1.1-py38h52adbb4_0.tar.bz2#fe7c0d09736a8d62bdd38bb70159bd14
https://conda.anaconda.org/conda-forge/osx-64/setuptools-49.6.0-py38h32f6830_1.tar.bz2#63a4c67433042e1bfec65c673ae866b4
https://conda.anaconda.org/conda-forge/noarch/jinja2-2.11.2-pyh9f0ad1d_0.tar.bz2#e8a5d614d1a27bdba00059ca062a0551
https://conda.anaconda.org/conda-forge/osx-64/pyopenssl-19.1.0-py38_0.tar.bz2#c79f61a3d9e170d5690a2527b1b1eb67
https://conda.anaconda.org/conda-forge/noarch/urllib3-1.25.10-py_0.tar.bz2#82cde2a532177697e42a090add881db8
https://conda.anaconda.org/conda-forge/noarch/requests-2.24.0-pyh9f0ad1d_0.tar.bz2#786ef230ca5cf2536e9dee910fdf4f9f
https://conda.anaconda.org/conda-forge/noarch/ensureconda-1.2.1-py_0.tar.bz2#5a9e2f51daccf6b445e4d2df345033c4
https://conda.anaconda.org/conda-forge/noarch/conda-lock-0.7.1-py_0.tar.bz2#72762ad415114239f57abaaafc5d8d1b
